{
  "requires": true,
  "lockfileVersion": 1,
  "dependencies": {
    "tslib": {
      "version": "2.6.2",
      "resolved": "https://registry.npmjs.org/tslib/-/tslib-2.6.2.tgz",
      "integrity": "sha512-AEYxH93jGFPn/a2iVAwW87VuUIkR1FVUKB77NwMF7nBTDkDrrT/Hpt/IrCJ0QXhW27jTBDcf5ZY7w6RiqTMw2Q=="
    },
    "upsmf-collection-editor": {
      "version": "1.1.7",
      "resolved": "https://registry.npmjs.org/upsmf-collection-editor/-/upsmf-collection-editor-1.1.7.tgz",
      "integrity": "sha512-dWuVw+dqikUH0C4w1jTLHeirHpuF9hs47WvKYqC8VUmwDROYGzAsEOFx5oaJQrnJm8TMIMC2A0RUAzJRMug8Ew==",
      "requires": {
        "tslib": "^2.0.0"
      }
    }
  }
}
